<?xml version="1.0" encoding="utf-8"?>
<Project ToolsVersion="4.0" xmlns="http://schemas.microsoft.com/developer/msbuild/2003">
  <ItemGroup>
    <Filter Include="Source Files">
      <UniqueIdentifier>{4FC737F1-C7A5-4376-A066-2A32D752A2FF}</UniqueIdentifier>
      <Extensions>cpp;c;cc;cxx;c++;cppm;ixx;def;odl;idl;hpj;bat;asm;asmx</Extensions>
    </Filter>
    <Filter Include="Header Files">
      <UniqueIdentifier>{93995380-89BD-4b04-88EB-625FBE52EBFB}</UniqueIdentifier>
      <Extensions>h;hh;hpp;hxx;h++;hm;inl;inc;ipp;xsd</Extensions>
    </Filter>
    <Filter Include="Resource Files">
      <UniqueIdentifier>{67DA6AB6-F800-4c08-8B7A-83BB121AAD01}</UniqueIdentifier>
      <Extensions>rc;ico;cur;bmp;dlg;rc2;rct;bin;rgs;gif;jpg;jpeg;jpe;resx;tiff;tif;png;wav;mfcribbon-ms</Extensions>
    </Filter>
  </ItemGroup>
  <ItemGroup>
    <ClInclude Include="Include\GurgelNet\Network.h">
      <Filter>Header Files</Filter>
    </ClInclude>
    <ClInclude Include="Include\GurgelNet\NetLib.h">
      <Filter>Header Files</Filter>
    </ClInclude>
    <ClInclude Include="Include\GurgelNet\Core\LibrarySettings.h">
      <Filter>Header Files</Filter>
    </ClInclude>
    <ClInclude Include="Include\GurgelNet\Core\NetLogging.h">
      <Filter>Header Files</Filter>
    </ClInclude>
    <ClInclude Include="Src\Core\Logging.h">
      <Filter>Header Files</Filter>
    </ClInclude>
    <ClInclude Include="Include\GurgelNet\INetLayer.h">
      <Filter>Header Files</Filter>
    </ClInclude>
    <ClInclude Include="Include\GurgelNet\Serialization\INetSerializer.h">
      <Filter>Header Files</Filter>
    </ClInclude>
    <ClInclude Include="Include\GurgelNet\Serialization\INetSerializable.h">
      <Filter>Header Files</Filter>
    </ClInclude>
    <ClInclude Include="Include\GurgelNet\Messages\NetMessageHeader.h">
      <Filter>Header Files</Filter>
    </ClInclude>
    <ClInclude Include="Src\Include\Messaging\NetMessage.h">
      <Filter>Header Files</Filter>
    </ClInclude>
    <ClInclude Include="Src\Include\Serialization\NetMessageWriter.h">
      <Filter>Header Files</Filter>
    </ClInclude>
    <ClInclude Include="Src\Include\Serialization\NetMessageReader.h">
      <Filter>Header Files</Filter>
    </ClInclude>
    <ClInclude Include="Include\GurgelNet\Messages\INetMessageProcessor.h">
      <Filter>Header Files</Filter>
    </ClInclude>
    <ClInclude Include="Include\GurgelNet\Messages\NetMessageTypes.h">
      <Filter>Header Files</Filter>
    </ClInclude>
    <ClInclude Include="Include\GurgelNet\Messages\INetMessageQueue.h">
      <Filter>Header Files</Filter>
    </ClInclude>
    <ClInclude Include="Src\Include\Messaging\NetMessageQueue.h">
      <Filter>Header Files</Filter>
    </ClInclude>
    <ClInclude Include="Include\GurgelNet\ConnectState.h">
      <Filter>Header Files</Filter>
    </ClInclude>
    <ClInclude Include="Include\GurgelNet\Messages\INetMessage.h">
      <Filter>Header Files</Filter>
    </ClInclude>
    <ClInclude Include="Include\GurgelNet\LayerCallbacks.h">
      <Filter>Header Files</Filter>
    </ClInclude>
    <ClInclude Include="Include\GurgelNet\Serializables\NetString.h">
      <Filter>Header Files</Filter>
    </ClInclude>
    <ClInclude Include="Include\GurgelNet\Core\NetTypes.h">
      <Filter>Header Files</Filter>
    </ClInclude>
    <ClInclude Include="Include\GurgelNet\Objects\NetObject.h">
      <Filter>Header Files</Filter>
    </ClInclude>
    <ClInclude Include="Include\GurgelNet\Objects\INetObjectFactory.h">
      <Filter>Header Files</Filter>
    </ClInclude>
    <ClInclude Include="Include\GurgelNet\Core\LayerSettings.h">
      <Filter>Header Files</Filter>
    </ClInclude>
    <ClInclude Include="Include\GurgelNet\Objects\NetworkVariable.h">
      <Filter>Header Files</Filter>
    </ClInclude>
    <ClInclude Include="Include\GurgelNet\Objects\INetObjectInitializer.h">
      <Filter>Header Files</Filter>
    </ClInclude>
    <ClInclude Include="Src\Include\Objects\NetObjectInitializer.h">
      <Filter>Header Files</Filter>
    </ClInclude>
    <ClInclude Include="Src\Include\NetLayers\NetLayerShared.h">
      <Filter>Header Files</Filter>
    </ClInclude>
    <ClInclude Include="Src\Include\NetLayers\NetLayerCallbackStore.h">
      <Filter>Header Files</Filter>
    </ClInclude>
    <ClInclude Include="Src\Include\NetLayers\NetLayerContext.h">
      <Filter>Header Files</Filter>
    </ClInclude>
    <ClInclude Include="Src\Include\NetLayers\NetLayerNetworkHandler.h">
      <Filter>Header Files</Filter>
    </ClInclude>
    <ClInclude Include="Src\Include\NetLayers\Server\ServerLayerConnectionsHandler.h">
      <Filter>Header Files</Filter>
    </ClInclude>
    <ClInclude Include="Src\Include\NetLayers\Server\ServerLayerConnections.h">
      <Filter>Header Files</Filter>
    </ClInclude>
    <ClInclude Include="Src\Include\NetLayerMessages\BaseNetLayerMessages.h">
      <Filter>Header Files</Filter>
    </ClInclude>
    <ClInclude Include="Src\Include\NetLayerMessages\NetLayerMessageTypes.h">
      <Filter>Header Files</Filter>
    </ClInclude>
    <ClInclude Include="Src\Include\NetLayerMessages\ConnectionMessages.h">
      <Filter>Header Files</Filter>
    </ClInclude>
    <ClInclude Include="Src\Include\NetLayers\Server\NetLayerServer.h">
      <Filter>Header Files</Filter>
    </ClInclude>
    <ClInclude Include="Src\Include\NetLayers\Server\ServerLayerNetworkHandler.h">
      <Filter>Header Files</Filter>
    </ClInclude>
    <ClInclude Include="Src\Include\NetLayers\Client\NetLayerClient.h">
      <Filter>Header Files</Filter>
    </ClInclude>
    <ClInclude Include="Src\Include\NetLayers\Client\ClientLayerNetworkHandler.h">
      <Filter>Header Files</Filter>
    </ClInclude>
    <ClInclude Include="Src\Include\NetLayerMessages\ClientConnectionMessageProcessor.h">
      <Filter>Header Files</Filter>
    </ClInclude>
    <ClInclude Include="Src\Include\NetLayers\Client\ClientLayerConnectionHandler.h">
      <Filter>Header Files</Filter>
    </ClInclude>
    <ClInclude Include="Src\Include\NetLayerMessages\ServerConnectionMessageProcessor.h">
      <Filter>Header Files</Filter>
    </ClInclude>
    <ClInclude Include="Src\Include\Objects\NetObjectList.h">
      <Filter>Header Files</Filter>
    </ClInclude>
    <ClInclude Include="Src\Include\Objects\NetVarList.h">
      <Filter>Header Files</Filter>
    </ClInclude>
    <ClInclude Include="Src\Include\Objects\NetObjectHandle.h">
      <Filter>Header Files</Filter>
    </ClInclude>
    <ClInclude Include="Src\Include\NetLayerMessages\ObjectMessages.h">
      <Filter>Header Files</Filter>
    </ClInclude>
    <ClInclude Include="Src\Include\Objects\ClientObjectHandler.h">
      <Filter>Header Files</Filter>
    </ClInclude>
    <ClInclude Include="Src\Include\Objects\SharedObjectHandler.h">
      <Filter>Header Files</Filter>
    </ClInclude>
    <ClInclude Include="Src\Include\Objects\ServerObjectHandler.h">
      <Filter>Header Files</Filter>
    </ClInclude>
    <ClInclude Include="Src\Include\NetLayerMessages\ClientObjectMessageProcessors.h">
      <Filter>Header Files</Filter>
    </ClInclude>
    <ClInclude Include="Src\Include\NetLayerMessages\ServerObjectMessageProcessor.h">
      <Filter>Header Files</Filter>
    </ClInclude>
    <ClInclude Include="Src\Include\NetLayerMessages\LateJoinPayload.h">
      <Filter>Header Files</Filter>
    </ClInclude>
    <ClInclude Include="Include\GurgelNet\Objects\NetObjectOwnership.h">
      <Filter>Header Files</Filter>
    </ClInclude>
    <ClInclude Include="Include\GurgelNet\Objects\NetworkFunction.h">
      <Filter>Header Files</Filter>
    </ClInclude>
    <ClInclude Include="Src\Include\Objects\NetworkFunctions\NetFuncList.h">
      <Filter>Header Files</Filter>
    </ClInclude>
    <ClInclude Include="Src\Include\Objects\NetworkFunctions\NetFuncCaller.h">
      <Filter>Header Files</Filter>
    </ClInclude>
    <ClInclude Include="Include\GurgelNet\Objects\NetFunctionsInternal\TemplateHandles.h">
      <Filter>Header Files</Filter>
    </ClInclude>
    <ClInclude Include="Include\GurgelNet\Objects\NetFunctionsInternal\Locality.h">
      <Filter>Header Files</Filter>
    </ClInclude>
    <ClInclude Include="Include\GurgelNet\Objects\NetFunctionsInternal\NetFunctionHandle.h">
      <Filter>Header Files</Filter>
    </ClInclude>
    <ClInclude Include="Include\GurgelNet\Objects\NetFunctionsInternal\INetFuncCaller.h">
      <Filter>Header Files</Filter>
    </ClInclude>
    <ClInclude Include="Include\GurgelNet\Objects\NetFunctionsInternal\InternalMacros.h">
      <Filter>Header Files</Filter>
    </ClInclude>
  </ItemGroup>
  <ItemGroup>
    <ClCompile Include="Src\Network.cpp">
      <Filter>Source Files</Filter>
    </ClCompile>
    <ClCompile Include="Src\Core\LibrarySettings.cpp">
      <Filter>Source Files</Filter>
    </ClCompile>
    <ClCompile Include="Src\Core\Logging.cpp">
      <Filter>Source Files</Filter>
    </ClCompile>
    <ClCompile Include="Src\Source\Serialization\NetMessageWriter.cpp">
      <Filter>Source Files</Filter>
    </ClCompile>
    <ClCompile Include="Src\Source\Serialization\NetMessageReader.cpp">
      <Filter>Source Files</Filter>
    </ClCompile>
    <ClCompile Include="Src\Source\Messaging\NetMessage.cpp">
      <Filter>Source Files</Filter>
    </ClCompile>
    <ClCompile Include="Src\Source\Messaging\NetMessageQueue.cpp">
      <Filter>Source Files</Filter>
    </ClCompile>
    <ClCompile Include="Src\Source\Serializable\NetString.cpp">
      <Filter>Source Files</Filter>
    </ClCompile>
    <ClCompile Include="Src\Source\Objects\NetObject.cpp">
      <Filter>Source Files</Filter>
    </ClCompile>
    <ClCompile Include="Src\Core\LayerSettings.cpp">
      <Filter>Source Files</Filter>
    </ClCompile>
    <ClCompile Include="Src\Source\Objects\NetworkVariable.cpp">
      <Filter>Source Files</Filter>
    </ClCompile>
    <ClCompile Include="Src\Source\Objects\NetObjectInitializer.cpp">
      <Filter>Source Files</Filter>
    </ClCompile>
    <ClCompile Include="Src\Source\NetLayers\NetLayerCallbackStore.cpp">
      <Filter>Source Files</Filter>
    </ClCompile>
    <ClCompile Include="Src\Source\NetLayers\Server\ServerLayerConnections.cpp">
      <Filter>Source Files</Filter>
    </ClCompile>
    <ClCompile Include="Src\Source\NetLayers\Server\ServerLayerConnectionsHandler.cpp">
      <Filter>Source Files</Filter>
    </ClCompile>
    <ClCompile Include="Src\Source\NetLayers\NetLayerShared.cpp">
      <Filter>Source Files</Filter>
    </ClCompile>
    <ClCompile Include="Src\Source\NetLayers\Server\NetLayerServer.cpp">
      <Filter>Source Files</Filter>
    </ClCompile>
    <ClCompile Include="Src\Source\NetLayers\Server\ServerLayerNetworkHandler.cpp">
      <Filter>Source Files</Filter>
    </ClCompile>
    <ClCompile Include="Src\Source\NetLayers\NetLayerNetworkHandler.cpp">
      <Filter>Source Files</Filter>
    </ClCompile>
    <ClCompile Include="Src\Source\NetLayers\Client\NetLayerClient.cpp">
      <Filter>Source Files</Filter>
    </ClCompile>
    <ClCompile Include="Src\Source\NetLayers\Client\ClientLayerNetworkHandler.cpp">
      <Filter>Source Files</Filter>
    </ClCompile>
    <ClCompile Include="Src\Source\NetLayerMessages\ClientConnectionMessageProcessor.cpp">
      <Filter>Source Files</Filter>
    </ClCompile>
    <ClCompile Include="Src\Source\NetLayers\Client\ClientLayerConnectionHandler.cpp">
      <Filter>Source Files</Filter>
    </ClCompile>
    <ClCompile Include="Src\Source\NetLayerMessages\ServerConnectionMessageProcessor.cpp">
      <Filter>Source Files</Filter>
    </ClCompile>
    <ClCompile Include="Src\Source\Objects\NetObjectList.cpp">
      <Filter>Source Files</Filter>
    </ClCompile>
    <ClCompile Include="Src\Source\Objects\NetVarList.cpp">
      <Filter>Source Files</Filter>
    </ClCompile>
    <ClCompile Include="Src\Source\Objects\ClientObjectHandler.cpp">
      <Filter>Source Files</Filter>
    </ClCompile>
    <ClCompile Include="Src\Source\Objects\ServerObjectHandler.cpp">
      <Filter>Source Files</Filter>
    </ClCompile>
    <ClCompile Include="Src\Source\Objects\SharedObjectHandler.cpp">
      <Filter>Source Files</Filter>
    </ClCompile>
    <ClCompile Include="Src\Source\NetLayerMessages\ClientObjectMessageProcessors.cpp">
      <Filter>Source Files</Filter>
    </ClCompile>
    <ClCompile Include="Src\Source\NetLayerMessages\ServerObjectMessageProcessor.cpp">
      <Filter>Source Files</Filter>
    </ClCompile>
    <ClCompile Include="Src\Source\Objects\NetFuncList.cpp">
      <Filter>Source Files</Filter>
    </ClCompile>
    <ClCompile Include="Src\Source\Objects\NetworkFunctions\NetFunctionHandle.cpp">
      <Filter>Source Files</Filter>
    </ClCompile>
    <ClCompile Include="Src\Source\Objects\NetworkFunctions\NetFuncCaller.cpp">
      <Filter>Source Files</Filter>
    </ClCompile>
  </ItemGroup>
</Project>